// !$*UTF8*$!
{
	archiveVersion = 1;
	classes = {
	};
	objectVersion = 51;
	objects = {

/* Begin PBXBuildFile section */
		2C4059F625AC3BFE0052CA50 /* UserData.swift in Sources */ = {isa = PBXBuildFile; fileRef = 2C4059F525AC3BFE0052CA50 /* UserData.swift */; };
		2C4059FB25AC3CD00052CA50 /* Profile.swift in Sources */ = {isa = PBXBuildFile; fileRef = 2C4059FA25AC3CD00052CA50 /* Profile.swift */; };
		2C405A0325AC40540052CA50 /* Product.swift in Sources */ = {isa = PBXBuildFile; fileRef = 2C405A0225AC40540052CA50 /* Product.swift */; };
		2C405A0B25AC41520052CA50 /* Cart.swift in Sources */ = {isa = PBXBuildFile; fileRef = 2C405A0A25AC41520052CA50 /* Cart.swift */; };
		2C405A1625AC4E7E0052CA50 /* Authentication.swift in Sources */ = {isa = PBXBuildFile; fileRef = 2C405A1525AC4E7E0052CA50 /* Authentication.swift */; };
		2C405A3E25AC66A50052CA50 /* GlobalVariable.swift in Sources */ = {isa = PBXBuildFile; fileRef = 2C405A3D25AC66A50052CA50 /* GlobalVariable.swift */; };
		2C405A6C25AD71B20052CA50 /* OrderHeader.swift in Sources */ = {isa = PBXBuildFile; fileRef = 2C405A6B25AD71B20052CA50 /* OrderHeader.swift */; };
		2C405A7725AD77D40052CA50 /* TestView.swift in Sources */ = {isa = PBXBuildFile; fileRef = 2C405A7625AD77D40052CA50 /* TestView.swift */; };
		2C6A6DCE25AC19AF002E9FFD /* GoogleService-Info.plist in Resources */ = {isa = PBXBuildFile; fileRef = 2C6A6DCD25AC19AF002E9FFD /* GoogleService-Info.plist */; };
		2C9D745F25B139FE00FCFC45 /* ProductData.swift in Sources */ = {isa = PBXBuildFile; fileRef = 2C9D745E25B139FE00FCFC45 /* ProductData.swift */; };
		53A9C738AC664DF6DB9E622F /* Pods_KangSayurSkripsiVenus.framework in Frameworks */ = {isa = PBXBuildFile; fileRef = 68AA302DE971C99381A4DBBA /* Pods_KangSayurSkripsiVenus.framework */; };
		6D4545CA25AEFAE20024E572 /* Colors.swift in Sources */ = {isa = PBXBuildFile; fileRef = 6D4545C725AEFAE20024E572 /* Colors.swift */; };
		6D4545CB25AEFAE20024E572 /* StyleFont.swift in Sources */ = {isa = PBXBuildFile; fileRef = 6D4545C925AEFAE20024E572 /* StyleFont.swift */; };
		6D4545DF25AEFB030024E572 /* RiwayatRow.swift in Sources */ = {isa = PBXBuildFile; fileRef = 6D4545D125AEFB030024E572 /* RiwayatRow.swift */; };
		6D4545E025AEFB030024E572 /* RiwayatView.swift in Sources */ = {isa = PBXBuildFile; fileRef = 6D4545D225AEFB030024E572 /* RiwayatView.swift */; };
		6D4545E125AEFB030024E572 /* RiwayatDetailView.swift in Sources */ = {isa = PBXBuildFile; fileRef = 6D4545D325AEFB030024E572 /* RiwayatDetailView.swift */; };
		6D4545E225AEFB030024E572 /* AkunChevron.swift in Sources */ = {isa = PBXBuildFile; fileRef = 6D4545D425AEFB030024E572 /* AkunChevron.swift */; };
		6D4545E325AEFB030024E572 /* DataDiriView.swift in Sources */ = {isa = PBXBuildFile; fileRef = 6D4545D625AEFB030024E572 /* DataDiriView.swift */; };
		6D4545E425AEFB030024E572 /* AkunBottom.swift in Sources */ = {isa = PBXBuildFile; fileRef = 6D4545D725AEFB030024E572 /* AkunBottom.swift */; };
		6D4545E525AEFB030024E572 /* UbahKataSandiView.swift in Sources */ = {isa = PBXBuildFile; fileRef = 6D4545D925AEFB030024E572 /* UbahKataSandiView.swift */; };
		6D4545E625AEFB030024E572 /* UbahEmailView.swift in Sources */ = {isa = PBXBuildFile; fileRef = 6D4545DB25AEFB030024E572 /* UbahEmailView.swift */; };
		6D4545E725AEFB030024E572 /* AkunView.swift in Sources */ = {isa = PBXBuildFile; fileRef = 6D4545DC25AEFB030024E572 /* AkunView.swift */; };
		6D4545E825AEFB030024E572 /* DataAlamatView.swift in Sources */ = {isa = PBXBuildFile; fileRef = 6D4545DE25AEFB030024E572 /* DataAlamatView.swift */; };
		6D4545F225AEFB0B0024E572 /* SignUp-SetelAlamat.swift in Sources */ = {isa = PBXBuildFile; fileRef = 6D4545EE25AEFB0B0024E572 /* SignUp-SetelAlamat.swift */; };
		6D4545F325AEFB0B0024E572 /* SignUp.swift in Sources */ = {isa = PBXBuildFile; fileRef = 6D4545EF25AEFB0B0024E572 /* SignUp.swift */; };
		6D4545F425AEFB0B0024E572 /* SignIn.swift in Sources */ = {isa = PBXBuildFile; fileRef = 6D4545F125AEFB0B0024E572 /* SignIn.swift */; };
		6D45460C25AEFB350024E572 /* TotalKeranjangRow.swift in Sources */ = {isa = PBXBuildFile; fileRef = 6D4545F925AEFB330024E572 /* TotalKeranjangRow.swift */; };
		6D45460D25AEFB350024E572 /* KeranjangView.swift in Sources */ = {isa = PBXBuildFile; fileRef = 6D4545FA25AEFB330024E572 /* KeranjangView.swift */; };
		6D45460E25AEFB350024E572 /* KeranjangRow.swift in Sources */ = {isa = PBXBuildFile; fileRef = 6D4545FB25AEFB330024E572 /* KeranjangRow.swift */; };
		6D45460F25AEFB350024E572 /* BarangDiBeliRow.swift in Sources */ = {isa = PBXBuildFile; fileRef = 6D4545FD25AEFB330024E572 /* BarangDiBeliRow.swift */; };
		6D45461025AEFB350024E572 /* MetodePembayaranRow.swift in Sources */ = {isa = PBXBuildFile; fileRef = 6D4545FE25AEFB330024E572 /* MetodePembayaranRow.swift */; };
		6D45461125AEFB350024E572 /* TotalPembayaranRow.swift in Sources */ = {isa = PBXBuildFile; fileRef = 6D4545FF25AEFB330024E572 /* TotalPembayaranRow.swift */; };
		6D45461225AEFB350024E572 /* DetailPembayaranRow.swift in Sources */ = {isa = PBXBuildFile; fileRef = 6D45460025AEFB330024E572 /* DetailPembayaranRow.swift */; };
		6D45461325AEFB350024E572 /* PembayaranView.swift in Sources */ = {isa = PBXBuildFile; fileRef = 6D45460125AEFB330024E572 /* PembayaranView.swift */; };
		6D45461425AEFB350024E572 /* TotalPembelianRow.swift in Sources */ = {isa = PBXBuildFile; fileRef = 6D45460325AEFB330024E572 /* TotalPembelianRow.swift */; };
		6D45461525AEFB350024E572 /* PengirimanRow.swift in Sources */ = {isa = PBXBuildFile; fileRef = 6D45460425AEFB330024E572 /* PengirimanRow.swift */; };
		6D45461625AEFB350024E572 /* RingkasanRow.swift in Sources */ = {isa = PBXBuildFile; fileRef = 6D45460525AEFB330024E572 /* RingkasanRow.swift */; };
		6D45461725AEFB350024E572 /* PengirimanView.swift in Sources */ = {isa = PBXBuildFile; fileRef = 6D45460625AEFB330024E572 /* PengirimanView.swift */; };
		6D45461825AEFB350024E572 /* AlamatRow.swift in Sources */ = {isa = PBXBuildFile; fileRef = 6D45460725AEFB330024E572 /* AlamatRow.swift */; };
		6D45461925AEFB350024E572 /* HomeView.swift in Sources */ = {isa = PBXBuildFile; fileRef = 6D45460925AEFB350024E572 /* HomeView.swift */; };
		6D45461A25AEFB350024E572 /* CollectionViewCell.swift in Sources */ = {isa = PBXBuildFile; fileRef = 6D45460A25AEFB350024E572 /* CollectionViewCell.swift */; };
		6D45461B25AEFB350024E572 /* SearchBar.swift in Sources */ = {isa = PBXBuildFile; fileRef = 6D45460B25AEFB350024E572 /* SearchBar.swift */; };
		6D7507D925A6CF5400133A56 /* KangSayurSkripsiVenusApp.swift in Sources */ = {isa = PBXBuildFile; fileRef = 6D7507D825A6CF5400133A56 /* KangSayurSkripsiVenusApp.swift */; };
		6D7507DD25A6CF5600133A56 /* Assets.xcassets in Resources */ = {isa = PBXBuildFile; fileRef = 6D7507DC25A6CF5600133A56 /* Assets.xcassets */; };
		6D7507E025A6CF5600133A56 /* Preview Assets.xcassets in Resources */ = {isa = PBXBuildFile; fileRef = 6D7507DF25A6CF5600133A56 /* Preview Assets.xcassets */; };
		6D7507EB25A6CF5700133A56 /* KangSayurSkripsiVenusTests.swift in Sources */ = {isa = PBXBuildFile; fileRef = 6D7507EA25A6CF5700133A56 /* KangSayurSkripsiVenusTests.swift */; };
		6D7507F625A6CF5700133A56 /* KangSayurSkripsiVenusUITests.swift in Sources */ = {isa = PBXBuildFile; fileRef = 6D7507F525A6CF5700133A56 /* KangSayurSkripsiVenusUITests.swift */; };
		9E3C84C3185571F4E44674C3 /* Pods_KangSayurSkripsiVenusTests.framework in Frameworks */ = {isa = PBXBuildFile; fileRef = A010A7267AA65ECCF6BBBFE0 /* Pods_KangSayurSkripsiVenusTests.framework */; };
		D2B46AFA9555FE7C7D908463 /* Pods_KangSayurSkripsiVenus_KangSayurSkripsiVenusUITests.framework in Frameworks */ = {isa = PBXBuildFile; fileRef = EE29FCACCA76AE549CDD443F /* Pods_KangSayurSkripsiVenus_KangSayurSkripsiVenusUITests.framework */; };
/* End PBXBuildFile section */

/* Begin PBXContainerItemProxy section */
		6D7507E725A6CF5700133A56 /* PBXContainerItemProxy */ = {
			isa = PBXContainerItemProxy;
			containerPortal = 6D7507CD25A6CF5400133A56 /* Project object */;
			proxyType = 1;
			remoteGlobalIDString = 6D7507D425A6CF5400133A56;
			remoteInfo = KangSayurSkripsiVenus;
		};
		6D7507F225A6CF5700133A56 /* PBXContainerItemProxy */ = {
			isa = PBXContainerItemProxy;
			containerPortal = 6D7507CD25A6CF5400133A56 /* Project object */;
			proxyType = 1;
			remoteGlobalIDString = 6D7507D425A6CF5400133A56;
			remoteInfo = KangSayurSkripsiVenus;
		};
/* End PBXContainerItemProxy section */

/* Begin PBXFileReference section */
		1B2306BD0484B61DB5B7ED69 /* Pods-KangSayurSkripsiVenusTests.debug.xcconfig */ = {isa = PBXFileReference; includeInIndex = 1; lastKnownFileType = text.xcconfig; name = "Pods-KangSayurSkripsiVenusTests.debug.xcconfig"; path = "Target Support Files/Pods-KangSayurSkripsiVenusTests/Pods-KangSayurSkripsiVenusTests.debug.xcconfig"; sourceTree = "<group>"; };
		2C4059F525AC3BFE0052CA50 /* UserData.swift */ = {isa = PBXFileReference; lastKnownFileType = sourcecode.swift; path = UserData.swift; sourceTree = "<group>"; };
		2C4059FA25AC3CD00052CA50 /* Profile.swift */ = {isa = PBXFileReference; lastKnownFileType = sourcecode.swift; path = Profile.swift; sourceTree = "<group>"; };
		2C405A0225AC40540052CA50 /* Product.swift */ = {isa = PBXFileReference; lastKnownFileType = sourcecode.swift; path = Product.swift; sourceTree = "<group>"; };
		2C405A0A25AC41520052CA50 /* Cart.swift */ = {isa = PBXFileReference; lastKnownFileType = sourcecode.swift; path = Cart.swift; sourceTree = "<group>"; };
		2C405A1525AC4E7E0052CA50 /* Authentication.swift */ = {isa = PBXFileReference; lastKnownFileType = sourcecode.swift; path = Authentication.swift; sourceTree = "<group>"; };
		2C405A3D25AC66A50052CA50 /* GlobalVariable.swift */ = {isa = PBXFileReference; lastKnownFileType = sourcecode.swift; path = GlobalVariable.swift; sourceTree = "<group>"; };
		2C405A6B25AD71B20052CA50 /* OrderHeader.swift */ = {isa = PBXFileReference; lastKnownFileType = sourcecode.swift; path = OrderHeader.swift; sourceTree = "<group>"; };
		2C405A7625AD77D40052CA50 /* TestView.swift */ = {isa = PBXFileReference; lastKnownFileType = sourcecode.swift; path = TestView.swift; sourceTree = "<group>"; };
		2C6A6DCD25AC19AF002E9FFD /* GoogleService-Info.plist */ = {isa = PBXFileReference; fileEncoding = 4; lastKnownFileType = text.plist.xml; path = "GoogleService-Info.plist"; sourceTree = "<group>"; };
		2C9D745E25B139FE00FCFC45 /* ProductData.swift */ = {isa = PBXFileReference; lastKnownFileType = sourcecode.swift; path = ProductData.swift; sourceTree = "<group>"; };
		4F9AD758C8A74BC802D43D3A /* Pods-KangSayurSkripsiVenus-KangSayurSkripsiVenusUITests.release.xcconfig */ = {isa = PBXFileReference; includeInIndex = 1; lastKnownFileType = text.xcconfig; name = "Pods-KangSayurSkripsiVenus-KangSayurSkripsiVenusUITests.release.xcconfig"; path = "Target Support Files/Pods-KangSayurSkripsiVenus-KangSayurSkripsiVenusUITests/Pods-KangSayurSkripsiVenus-KangSayurSkripsiVenusUITests.release.xcconfig"; sourceTree = "<group>"; };
		68AA302DE971C99381A4DBBA /* Pods_KangSayurSkripsiVenus.framework */ = {isa = PBXFileReference; explicitFileType = wrapper.framework; includeInIndex = 0; path = Pods_KangSayurSkripsiVenus.framework; sourceTree = BUILT_PRODUCTS_DIR; };
		6D4545C725AEFAE20024E572 /* Colors.swift */ = {isa = PBXFileReference; fileEncoding = 4; lastKnownFileType = sourcecode.swift; path = Colors.swift; sourceTree = "<group>"; };
		6D4545C925AEFAE20024E572 /* StyleFont.swift */ = {isa = PBXFileReference; fileEncoding = 4; lastKnownFileType = sourcecode.swift; path = StyleFont.swift; sourceTree = "<group>"; };
		6D4545D125AEFB030024E572 /* RiwayatRow.swift */ = {isa = PBXFileReference; fileEncoding = 4; lastKnownFileType = sourcecode.swift; path = RiwayatRow.swift; sourceTree = "<group>"; };
		6D4545D225AEFB030024E572 /* RiwayatView.swift */ = {isa = PBXFileReference; fileEncoding = 4; lastKnownFileType = sourcecode.swift; path = RiwayatView.swift; sourceTree = "<group>"; };
		6D4545D325AEFB030024E572 /* RiwayatDetailView.swift */ = {isa = PBXFileReference; fileEncoding = 4; lastKnownFileType = sourcecode.swift; path = RiwayatDetailView.swift; sourceTree = "<group>"; };
		6D4545D425AEFB030024E572 /* AkunChevron.swift */ = {isa = PBXFileReference; fileEncoding = 4; lastKnownFileType = sourcecode.swift; path = AkunChevron.swift; sourceTree = "<group>"; };
		6D4545D625AEFB030024E572 /* DataDiriView.swift */ = {isa = PBXFileReference; fileEncoding = 4; lastKnownFileType = sourcecode.swift; path = DataDiriView.swift; sourceTree = "<group>"; };
		6D4545D725AEFB030024E572 /* AkunBottom.swift */ = {isa = PBXFileReference; fileEncoding = 4; lastKnownFileType = sourcecode.swift; path = AkunBottom.swift; sourceTree = "<group>"; };
		6D4545D925AEFB030024E572 /* UbahKataSandiView.swift */ = {isa = PBXFileReference; fileEncoding = 4; lastKnownFileType = sourcecode.swift; path = UbahKataSandiView.swift; sourceTree = "<group>"; };
		6D4545DB25AEFB030024E572 /* UbahEmailView.swift */ = {isa = PBXFileReference; fileEncoding = 4; lastKnownFileType = sourcecode.swift; path = UbahEmailView.swift; sourceTree = "<group>"; };
		6D4545DC25AEFB030024E572 /* AkunView.swift */ = {isa = PBXFileReference; fileEncoding = 4; lastKnownFileType = sourcecode.swift; path = AkunView.swift; sourceTree = "<group>"; };
		6D4545DE25AEFB030024E572 /* DataAlamatView.swift */ = {isa = PBXFileReference; fileEncoding = 4; lastKnownFileType = sourcecode.swift; path = DataAlamatView.swift; sourceTree = "<group>"; };
		6D4545EE25AEFB0B0024E572 /* SignUp-SetelAlamat.swift */ = {isa = PBXFileReference; fileEncoding = 4; lastKnownFileType = sourcecode.swift; path = "SignUp-SetelAlamat.swift"; sourceTree = "<group>"; };
		6D4545EF25AEFB0B0024E572 /* SignUp.swift */ = {isa = PBXFileReference; fileEncoding = 4; lastKnownFileType = sourcecode.swift; path = SignUp.swift; sourceTree = "<group>"; };
		6D4545F125AEFB0B0024E572 /* SignIn.swift */ = {isa = PBXFileReference; fileEncoding = 4; lastKnownFileType = sourcecode.swift; path = SignIn.swift; sourceTree = "<group>"; };
		6D4545F925AEFB330024E572 /* TotalKeranjangRow.swift */ = {isa = PBXFileReference; fileEncoding = 4; lastKnownFileType = sourcecode.swift; path = TotalKeranjangRow.swift; sourceTree = "<group>"; };
		6D4545FA25AEFB330024E572 /* KeranjangView.swift */ = {isa = PBXFileReference; fileEncoding = 4; lastKnownFileType = sourcecode.swift; path = KeranjangView.swift; sourceTree = "<group>"; };
		6D4545FB25AEFB330024E572 /* KeranjangRow.swift */ = {isa = PBXFileReference; fileEncoding = 4; lastKnownFileType = sourcecode.swift; path = KeranjangRow.swift; sourceTree = "<group>"; };
		6D4545FD25AEFB330024E572 /* BarangDiBeliRow.swift */ = {isa = PBXFileReference; fileEncoding = 4; lastKnownFileType = sourcecode.swift; path = BarangDiBeliRow.swift; sourceTree = "<group>"; };
		6D4545FE25AEFB330024E572 /* MetodePembayaranRow.swift */ = {isa = PBXFileReference; fileEncoding = 4; lastKnownFileType = sourcecode.swift; path = MetodePembayaranRow.swift; sourceTree = "<group>"; };
		6D4545FF25AEFB330024E572 /* TotalPembayaranRow.swift */ = {isa = PBXFileReference; fileEncoding = 4; lastKnownFileType = sourcecode.swift; path = TotalPembayaranRow.swift; sourceTree = "<group>"; };
		6D45460025AEFB330024E572 /* DetailPembayaranRow.swift */ = {isa = PBXFileReference; fileEncoding = 4; lastKnownFileType = sourcecode.swift; path = DetailPembayaranRow.swift; sourceTree = "<group>"; };
		6D45460125AEFB330024E572 /* PembayaranView.swift */ = {isa = PBXFileReference; fileEncoding = 4; lastKnownFileType = sourcecode.swift; path = PembayaranView.swift; sourceTree = "<group>"; };
		6D45460325AEFB330024E572 /* TotalPembelianRow.swift */ = {isa = PBXFileReference; fileEncoding = 4; lastKnownFileType = sourcecode.swift; path = TotalPembelianRow.swift; sourceTree = "<group>"; };
		6D45460425AEFB330024E572 /* PengirimanRow.swift */ = {isa = PBXFileReference; fileEncoding = 4; lastKnownFileType = sourcecode.swift; path = PengirimanRow.swift; sourceTree = "<group>"; };
		6D45460525AEFB330024E572 /* RingkasanRow.swift */ = {isa = PBXFileReference; fileEncoding = 4; lastKnownFileType = sourcecode.swift; path = RingkasanRow.swift; sourceTree = "<group>"; };
		6D45460625AEFB330024E572 /* PengirimanView.swift */ = {isa = PBXFileReference; fileEncoding = 4; lastKnownFileType = sourcecode.swift; path = PengirimanView.swift; sourceTree = "<group>"; };
		6D45460725AEFB330024E572 /* AlamatRow.swift */ = {isa = PBXFileReference; fileEncoding = 4; lastKnownFileType = sourcecode.swift; path = AlamatRow.swift; sourceTree = "<group>"; };
		6D45460925AEFB350024E572 /* HomeView.swift */ = {isa = PBXFileReference; fileEncoding = 4; lastKnownFileType = sourcecode.swift; path = HomeView.swift; sourceTree = "<group>"; };
		6D45460A25AEFB350024E572 /* CollectionViewCell.swift */ = {isa = PBXFileReference; fileEncoding = 4; lastKnownFileType = sourcecode.swift; path = CollectionViewCell.swift; sourceTree = "<group>"; };
		6D45460B25AEFB350024E572 /* SearchBar.swift */ = {isa = PBXFileReference; fileEncoding = 4; lastKnownFileType = sourcecode.swift; path = SearchBar.swift; sourceTree = "<group>"; };
		6D7507D525A6CF5400133A56 /* KangSayurSkripsiVenus.app */ = {isa = PBXFileReference; explicitFileType = wrapper.application; includeInIndex = 0; path = KangSayurSkripsiVenus.app; sourceTree = BUILT_PRODUCTS_DIR; };
		6D7507D825A6CF5400133A56 /* KangSayurSkripsiVenusApp.swift */ = {isa = PBXFileReference; lastKnownFileType = sourcecode.swift; path = KangSayurSkripsiVenusApp.swift; sourceTree = "<group>"; };
		6D7507DC25A6CF5600133A56 /* Assets.xcassets */ = {isa = PBXFileReference; lastKnownFileType = folder.assetcatalog; path = Assets.xcassets; sourceTree = "<group>"; };
		6D7507DF25A6CF5600133A56 /* Preview Assets.xcassets */ = {isa = PBXFileReference; lastKnownFileType = folder.assetcatalog; path = "Preview Assets.xcassets"; sourceTree = "<group>"; };
		6D7507E125A6CF5600133A56 /* Info.plist */ = {isa = PBXFileReference; lastKnownFileType = text.plist.xml; path = Info.plist; sourceTree = "<group>"; };
		6D7507E625A6CF5700133A56 /* KangSayurSkripsiVenusTests.xctest */ = {isa = PBXFileReference; explicitFileType = wrapper.cfbundle; includeInIndex = 0; path = KangSayurSkripsiVenusTests.xctest; sourceTree = BUILT_PRODUCTS_DIR; };
		6D7507EA25A6CF5700133A56 /* KangSayurSkripsiVenusTests.swift */ = {isa = PBXFileReference; lastKnownFileType = sourcecode.swift; path = KangSayurSkripsiVenusTests.swift; sourceTree = "<group>"; };
		6D7507EC25A6CF5700133A56 /* Info.plist */ = {isa = PBXFileReference; lastKnownFileType = text.plist.xml; path = Info.plist; sourceTree = "<group>"; };
		6D7507F125A6CF5700133A56 /* KangSayurSkripsiVenusUITests.xctest */ = {isa = PBXFileReference; explicitFileType = wrapper.cfbundle; includeInIndex = 0; path = KangSayurSkripsiVenusUITests.xctest; sourceTree = BUILT_PRODUCTS_DIR; };
		6D7507F525A6CF5700133A56 /* KangSayurSkripsiVenusUITests.swift */ = {isa = PBXFileReference; lastKnownFileType = sourcecode.swift; path = KangSayurSkripsiVenusUITests.swift; sourceTree = "<group>"; };
		6D7507F725A6CF5700133A56 /* Info.plist */ = {isa = PBXFileReference; lastKnownFileType = text.plist.xml; path = Info.plist; sourceTree = "<group>"; };
		7E120A098FC787508EFB8826 /* Pods-KangSayurSkripsiVenus.debug.xcconfig */ = {isa = PBXFileReference; includeInIndex = 1; lastKnownFileType = text.xcconfig; name = "Pods-KangSayurSkripsiVenus.debug.xcconfig"; path = "Target Support Files/Pods-KangSayurSkripsiVenus/Pods-KangSayurSkripsiVenus.debug.xcconfig"; sourceTree = "<group>"; };
		A010A7267AA65ECCF6BBBFE0 /* Pods_KangSayurSkripsiVenusTests.framework */ = {isa = PBXFileReference; explicitFileType = wrapper.framework; includeInIndex = 0; path = Pods_KangSayurSkripsiVenusTests.framework; sourceTree = BUILT_PRODUCTS_DIR; };
		B8EBEC5F5999A2CB1FA3F976 /* Pods-KangSayurSkripsiVenus.release.xcconfig */ = {isa = PBXFileReference; includeInIndex = 1; lastKnownFileType = text.xcconfig; name = "Pods-KangSayurSkripsiVenus.release.xcconfig"; path = "Target Support Files/Pods-KangSayurSkripsiVenus/Pods-KangSayurSkripsiVenus.release.xcconfig"; sourceTree = "<group>"; };
		D012B79C66BC5F4066FE0BDA /* Pods-KangSayurSkripsiVenus-KangSayurSkripsiVenusUITests.debug.xcconfig */ = {isa = PBXFileReference; includeInIndex = 1; lastKnownFileType = text.xcconfig; name = "Pods-KangSayurSkripsiVenus-KangSayurSkripsiVenusUITests.debug.xcconfig"; path = "Target Support Files/Pods-KangSayurSkripsiVenus-KangSayurSkripsiVenusUITests/Pods-KangSayurSkripsiVenus-KangSayurSkripsiVenusUITests.debug.xcconfig"; sourceTree = "<group>"; };
		EE29FCACCA76AE549CDD443F /* Pods_KangSayurSkripsiVenus_KangSayurSkripsiVenusUITests.framework */ = {isa = PBXFileReference; explicitFileType = wrapper.framework; includeInIndex = 0; path = Pods_KangSayurSkripsiVenus_KangSayurSkripsiVenusUITests.framework; sourceTree = BUILT_PRODUCTS_DIR; };
		F881A2DA6924370A06891F90 /* Pods-KangSayurSkripsiVenusTests.release.xcconfig */ = {isa = PBXFileReference; includeInIndex = 1; lastKnownFileType = text.xcconfig; name = "Pods-KangSayurSkripsiVenusTests.release.xcconfig"; path = "Target Support Files/Pods-KangSayurSkripsiVenusTests/Pods-KangSayurSkripsiVenusTests.release.xcconfig"; sourceTree = "<group>"; };
/* End PBXFileReference section */

/* Begin PBXFrameworksBuildPhase section */
		6D7507D225A6CF5400133A56 /* Frameworks */ = {
			isa = PBXFrameworksBuildPhase;
			buildActionMask = 2147483647;
			files = (
				53A9C738AC664DF6DB9E622F /* Pods_KangSayurSkripsiVenus.framework in Frameworks */,
			);
			runOnlyForDeploymentPostprocessing = 0;
		};
		6D7507E325A6CF5700133A56 /* Frameworks */ = {
			isa = PBXFrameworksBuildPhase;
			buildActionMask = 2147483647;
			files = (
				9E3C84C3185571F4E44674C3 /* Pods_KangSayurSkripsiVenusTests.framework in Frameworks */,
			);
			runOnlyForDeploymentPostprocessing = 0;
		};
		6D7507EE25A6CF5700133A56 /* Frameworks */ = {
			isa = PBXFrameworksBuildPhase;
			buildActionMask = 2147483647;
			files = (
				D2B46AFA9555FE7C7D908463 /* Pods_KangSayurSkripsiVenus_KangSayurSkripsiVenusUITests.framework in Frameworks */,
			);
			runOnlyForDeploymentPostprocessing = 0;
		};
/* End PBXFrameworksBuildPhase section */

/* Begin PBXGroup section */
		2C4059F225AC3B810052CA50 /* View Model */ = {
			isa = PBXGroup;
			children = (
				2C405A1525AC4E7E0052CA50 /* Authentication.swift */,
				2C4059F525AC3BFE0052CA50 /* UserData.swift */,
				2C9D745E25B139FE00FCFC45 /* ProductData.swift */,
				2C405A0A25AC41520052CA50 /* Cart.swift */,
			);
			path = "View Model";
			sourceTree = "<group>";
		};
		2C4059F325AC3B990052CA50 /* View */ = {
			isa = PBXGroup;
			children = (
				2C405A7625AD77D40052CA50 /* TestView.swift */,
			);
			path = View;
			sourceTree = "<group>";
		};
		2C4059F425AC3BA10052CA50 /* Model */ = {
			isa = PBXGroup;
			children = (
				2C405A3D25AC66A50052CA50 /* GlobalVariable.swift */,
				2C405A0225AC40540052CA50 /* Product.swift */,
				2C4059FA25AC3CD00052CA50 /* Profile.swift */,
				2C405A6B25AD71B20052CA50 /* OrderHeader.swift */,
			);
			path = Model;
			sourceTree = "<group>";
		};
		6D4545C525AEFAE20024E572 /* Theme */ = {
			isa = PBXGroup;
			children = (
				6D4545C625AEFAE20024E572 /* Colors */,
				6D4545C825AEFAE20024E572 /* Fonts */,
			);
			path = Theme;
			sourceTree = "<group>";
		};
		6D4545C625AEFAE20024E572 /* Colors */ = {
			isa = PBXGroup;
			children = (
				6D4545C725AEFAE20024E572 /* Colors.swift */,
			);
			path = Colors;
			sourceTree = "<group>";
		};
		6D4545C825AEFAE20024E572 /* Fonts */ = {
			isa = PBXGroup;
			children = (
				6D4545C925AEFAE20024E572 /* StyleFont.swift */,
			);
			path = Fonts;
			sourceTree = "<group>";
		};
		6D4545CF25AEFB030024E572 /* Akun */ = {
			isa = PBXGroup;
			children = (
				6D4545D025AEFB030024E572 /* Riwayat */,
				6D4545D425AEFB030024E572 /* AkunChevron.swift */,
				6D4545D525AEFB030024E572 /* DataDiri */,
				6D4545D825AEFB030024E572 /* UbahKataSandi */,
				6D4545DA25AEFB030024E572 /* UbahEmail */,
				6D4545DC25AEFB030024E572 /* AkunView.swift */,
				6D4545DD25AEFB030024E572 /* DataAlamat */,
			);
			path = Akun;
			sourceTree = "<group>";
		};
		6D4545D025AEFB030024E572 /* Riwayat */ = {
			isa = PBXGroup;
			children = (
				6D4545D125AEFB030024E572 /* RiwayatRow.swift */,
				6D4545D225AEFB030024E572 /* RiwayatView.swift */,
				6D4545D325AEFB030024E572 /* RiwayatDetailView.swift */,
			);
			path = Riwayat;
			sourceTree = "<group>";
		};
		6D4545D525AEFB030024E572 /* DataDiri */ = {
			isa = PBXGroup;
			children = (
				6D4545D625AEFB030024E572 /* DataDiriView.swift */,
				6D4545D725AEFB030024E572 /* AkunBottom.swift */,
			);
			path = DataDiri;
			sourceTree = "<group>";
		};
		6D4545D825AEFB030024E572 /* UbahKataSandi */ = {
			isa = PBXGroup;
			children = (
				6D4545D925AEFB030024E572 /* UbahKataSandiView.swift */,
			);
			path = UbahKataSandi;
			sourceTree = "<group>";
		};
		6D4545DA25AEFB030024E572 /* UbahEmail */ = {
			isa = PBXGroup;
			children = (
				6D4545DB25AEFB030024E572 /* UbahEmailView.swift */,
			);
			path = UbahEmail;
			sourceTree = "<group>";
		};
		6D4545DD25AEFB030024E572 /* DataAlamat */ = {
			isa = PBXGroup;
			children = (
				6D4545DE25AEFB030024E572 /* DataAlamatView.swift */,
			);
			path = DataAlamat;
			sourceTree = "<group>";
		};
		6D4545EC25AEFB0B0024E572 /* Auth */ = {
			isa = PBXGroup;
			children = (
				6D4545ED25AEFB0B0024E572 /* SignUp */,
				6D4545F025AEFB0B0024E572 /* SignIn */,
			);
			path = Auth;
			sourceTree = "<group>";
		};
		6D4545ED25AEFB0B0024E572 /* SignUp */ = {
			isa = PBXGroup;
			children = (
				6D4545EE25AEFB0B0024E572 /* SignUp-SetelAlamat.swift */,
				6D4545EF25AEFB0B0024E572 /* SignUp.swift */,
			);
			path = SignUp;
			sourceTree = "<group>";
		};
		6D4545F025AEFB0B0024E572 /* SignIn */ = {
			isa = PBXGroup;
			children = (
				6D4545F125AEFB0B0024E572 /* SignIn.swift */,
			);
			path = SignIn;
			sourceTree = "<group>";
		};
		6D4545F825AEFB330024E572 /* Keranjang */ = {
			isa = PBXGroup;
			children = (
				6D4545F925AEFB330024E572 /* TotalKeranjangRow.swift */,
				6D4545FA25AEFB330024E572 /* KeranjangView.swift */,
				6D4545FB25AEFB330024E572 /* KeranjangRow.swift */,
				6D4545FC25AEFB330024E572 /* Pembayaran */,
				6D45460225AEFB330024E572 /* Pengiriman */,
			);
			path = Keranjang;
			sourceTree = "<group>";
		};
		6D4545FC25AEFB330024E572 /* Pembayaran */ = {
			isa = PBXGroup;
			children = (
				6D4545FD25AEFB330024E572 /* BarangDiBeliRow.swift */,
				6D4545FE25AEFB330024E572 /* MetodePembayaranRow.swift */,
				6D4545FF25AEFB330024E572 /* TotalPembayaranRow.swift */,
				6D45460025AEFB330024E572 /* DetailPembayaranRow.swift */,
				6D45460125AEFB330024E572 /* PembayaranView.swift */,
			);
			path = Pembayaran;
			sourceTree = "<group>";
		};
		6D45460225AEFB330024E572 /* Pengiriman */ = {
			isa = PBXGroup;
			children = (
				6D45460325AEFB330024E572 /* TotalPembelianRow.swift */,
				6D45460425AEFB330024E572 /* PengirimanRow.swift */,
				6D45460525AEFB330024E572 /* RingkasanRow.swift */,
				6D45460625AEFB330024E572 /* PengirimanView.swift */,
				6D45460725AEFB330024E572 /* AlamatRow.swift */,
			);
			path = Pengiriman;
			sourceTree = "<group>";
		};
		6D45460825AEFB350024E572 /* Home */ = {
			isa = PBXGroup;
			children = (
				6D45460925AEFB350024E572 /* HomeView.swift */,
				6D45460A25AEFB350024E572 /* CollectionViewCell.swift */,
				6D45460B25AEFB350024E572 /* SearchBar.swift */,
			);
			path = Home;
			sourceTree = "<group>";
		};
		6D7507CC25A6CF5400133A56 = {
			isa = PBXGroup;
			children = (
				6D7507D725A6CF5400133A56 /* KangSayurSkripsiVenus */,
				6D7507E925A6CF5700133A56 /* KangSayurSkripsiVenusTests */,
				6D7507F425A6CF5700133A56 /* KangSayurSkripsiVenusUITests */,
				6D7507D625A6CF5400133A56 /* Products */,
				925ACA065FE35607F35781BE /* Pods */,
				9F3476CF5DD89C64D3E965CF /* Frameworks */,
			);
			sourceTree = "<group>";
		};
		6D7507D625A6CF5400133A56 /* Products */ = {
			isa = PBXGroup;
			children = (
				6D7507D525A6CF5400133A56 /* KangSayurSkripsiVenus.app */,
				6D7507E625A6CF5700133A56 /* KangSayurSkripsiVenusTests.xctest */,
				6D7507F125A6CF5700133A56 /* KangSayurSkripsiVenusUITests.xctest */,
			);
			name = Products;
			sourceTree = "<group>";
		};
		6D7507D725A6CF5400133A56 /* KangSayurSkripsiVenus */ = {
			isa = PBXGroup;
			children = (
				6D45460825AEFB350024E572 /* Home */,
				6D4545F825AEFB330024E572 /* Keranjang */,
				6D4545EC25AEFB0B0024E572 /* Auth */,
				6D4545CF25AEFB030024E572 /* Akun */,
				6D4545C525AEFAE20024E572 /* Theme */,
				2C4059F425AC3BA10052CA50 /* Model */,
				2C4059F225AC3B810052CA50 /* View Model */,
				2C4059F325AC3B990052CA50 /* View */,
				6D7507D825A6CF5400133A56 /* KangSayurSkripsiVenusApp.swift */,
				6D7507DC25A6CF5600133A56 /* Assets.xcassets */,
				6D7507E125A6CF5600133A56 /* Info.plist */,
				2C6A6DCD25AC19AF002E9FFD /* GoogleService-Info.plist */,
				6D7507DE25A6CF5600133A56 /* Preview Content */,
			);
			path = KangSayurSkripsiVenus;
			sourceTree = "<group>";
		};
		6D7507DE25A6CF5600133A56 /* Preview Content */ = {
			isa = PBXGroup;
			children = (
				6D7507DF25A6CF5600133A56 /* Preview Assets.xcassets */,
			);
			path = "Preview Content";
			sourceTree = "<group>";
		};
		6D7507E925A6CF5700133A56 /* KangSayurSkripsiVenusTests */ = {
			isa = PBXGroup;
			children = (
				6D7507EA25A6CF5700133A56 /* KangSayurSkripsiVenusTests.swift */,
				6D7507EC25A6CF5700133A56 /* Info.plist */,
			);
			path = KangSayurSkripsiVenusTests;
			sourceTree = "<group>";
		};
		6D7507F425A6CF5700133A56 /* KangSayurSkripsiVenusUITests */ = {
			isa = PBXGroup;
			children = (
				6D7507F525A6CF5700133A56 /* KangSayurSkripsiVenusUITests.swift */,
				6D7507F725A6CF5700133A56 /* Info.plist */,
			);
			path = KangSayurSkripsiVenusUITests;
			sourceTree = "<group>";
		};
		925ACA065FE35607F35781BE /* Pods */ = {
			isa = PBXGroup;
			children = (
				7E120A098FC787508EFB8826 /* Pods-KangSayurSkripsiVenus.debug.xcconfig */,
				B8EBEC5F5999A2CB1FA3F976 /* Pods-KangSayurSkripsiVenus.release.xcconfig */,
				D012B79C66BC5F4066FE0BDA /* Pods-KangSayurSkripsiVenus-KangSayurSkripsiVenusUITests.debug.xcconfig */,
				4F9AD758C8A74BC802D43D3A /* Pods-KangSayurSkripsiVenus-KangSayurSkripsiVenusUITests.release.xcconfig */,
				1B2306BD0484B61DB5B7ED69 /* Pods-KangSayurSkripsiVenusTests.debug.xcconfig */,
				F881A2DA6924370A06891F90 /* Pods-KangSayurSkripsiVenusTests.release.xcconfig */,
			);
			path = Pods;
			sourceTree = "<group>";
		};
		9F3476CF5DD89C64D3E965CF /* Frameworks */ = {
			isa = PBXGroup;
			children = (
				68AA302DE971C99381A4DBBA /* Pods_KangSayurSkripsiVenus.framework */,
				EE29FCACCA76AE549CDD443F /* Pods_KangSayurSkripsiVenus_KangSayurSkripsiVenusUITests.framework */,
				A010A7267AA65ECCF6BBBFE0 /* Pods_KangSayurSkripsiVenusTests.framework */,
			);
			name = Frameworks;
			sourceTree = "<group>";
		};
/* End PBXGroup section */

/* Begin PBXNativeTarget section */
		6D7507D425A6CF5400133A56 /* KangSayurSkripsiVenus */ = {
			isa = PBXNativeTarget;
			buildConfigurationList = 6D7507FA25A6CF5700133A56 /* Build configuration list for PBXNativeTarget "KangSayurSkripsiVenus" */;
			buildPhases = (
				541D46FA13D8A8E59D981CD0 /* [CP] Check Pods Manifest.lock */,
				6D7507D125A6CF5400133A56 /* Sources */,
				6D7507D225A6CF5400133A56 /* Frameworks */,
				6D7507D325A6CF5400133A56 /* Resources */,
				A825C9A1E3742D3F529CF02B /* [CP] Embed Pods Frameworks */,
			);
			buildRules = (
			);
			dependencies = (
			);
			name = KangSayurSkripsiVenus;
			productName = KangSayurSkripsiVenus;
			productReference = 6D7507D525A6CF5400133A56 /* KangSayurSkripsiVenus.app */;
			productType = "com.apple.product-type.application";
		};
		6D7507E525A6CF5700133A56 /* KangSayurSkripsiVenusTests */ = {
			isa = PBXNativeTarget;
			buildConfigurationList = 6D7507FD25A6CF5700133A56 /* Build configuration list for PBXNativeTarget "KangSayurSkripsiVenusTests" */;
			buildPhases = (
				8B097918F2B755460BB55E5F /* [CP] Check Pods Manifest.lock */,
				6D7507E225A6CF5700133A56 /* Sources */,
				6D7507E325A6CF5700133A56 /* Frameworks */,
				6D7507E425A6CF5700133A56 /* Resources */,
			);
			buildRules = (
			);
			dependencies = (
				6D7507E825A6CF5700133A56 /* PBXTargetDependency */,
			);
			name = KangSayurSkripsiVenusTests;
			productName = KangSayurSkripsiVenusTests;
			productReference = 6D7507E625A6CF5700133A56 /* KangSayurSkripsiVenusTests.xctest */;
			productType = "com.apple.product-type.bundle.unit-test";
		};
		6D7507F025A6CF5700133A56 /* KangSayurSkripsiVenusUITests */ = {
			isa = PBXNativeTarget;
			buildConfigurationList = 6D75080025A6CF5700133A56 /* Build configuration list for PBXNativeTarget "KangSayurSkripsiVenusUITests" */;
			buildPhases = (
				47ACD1EFFC8EB763A53DD731 /* [CP] Check Pods Manifest.lock */,
				6D7507ED25A6CF5700133A56 /* Sources */,
				6D7507EE25A6CF5700133A56 /* Frameworks */,
				6D7507EF25A6CF5700133A56 /* Resources */,
				06C9BB5CDE9F4D5EDB5041A0 /* [CP] Embed Pods Frameworks */,
			);
			buildRules = (
			);
			dependencies = (
				6D7507F325A6CF5700133A56 /* PBXTargetDependency */,
			);
			name = KangSayurSkripsiVenusUITests;
			productName = KangSayurSkripsiVenusUITests;
			productReference = 6D7507F125A6CF5700133A56 /* KangSayurSkripsiVenusUITests.xctest */;
			productType = "com.apple.product-type.bundle.ui-testing";
		};
/* End PBXNativeTarget section */

/* Begin PBXProject section */
		6D7507CD25A6CF5400133A56 /* Project object */ = {
			isa = PBXProject;
			attributes = {
				LastSwiftUpdateCheck = 1230;
				LastUpgradeCheck = 1230;
				TargetAttributes = {
					6D7507D425A6CF5400133A56 = {
						CreatedOnToolsVersion = 12.3;
					};
					6D7507E525A6CF5700133A56 = {
						CreatedOnToolsVersion = 12.3;
						TestTargetID = 6D7507D425A6CF5400133A56;
					};
					6D7507F025A6CF5700133A56 = {
						CreatedOnToolsVersion = 12.3;
						TestTargetID = 6D7507D425A6CF5400133A56;
					};
				};
			};
			buildConfigurationList = 6D7507D025A6CF5400133A56 /* Build configuration list for PBXProject "KangSayurSkripsiVenus" */;
			compatibilityVersion = "Xcode 9.3";
			developmentRegion = en;
			hasScannedForEncodings = 0;
			knownRegions = (
				en,
				Base,
			);
			mainGroup = 6D7507CC25A6CF5400133A56;
			productRefGroup = 6D7507D625A6CF5400133A56 /* Products */;
			projectDirPath = "";
			projectRoot = "";
			targets = (
				6D7507D425A6CF5400133A56 /* KangSayurSkripsiVenus */,
				6D7507E525A6CF5700133A56 /* KangSayurSkripsiVenusTests */,
				6D7507F025A6CF5700133A56 /* KangSayurSkripsiVenusUITests */,
			);
		};
/* End PBXProject section */

/* Begin PBXResourcesBuildPhase section */
		6D7507D325A6CF5400133A56 /* Resources */ = {
			isa = PBXResourcesBuildPhase;
			buildActionMask = 2147483647;
			files = (
				6D7507E025A6CF5600133A56 /* Preview Assets.xcassets in Resources */,
				6D7507DD25A6CF5600133A56 /* Assets.xcassets in Resources */,
				2C6A6DCE25AC19AF002E9FFD /* GoogleService-Info.plist in Resources */,
			);
			runOnlyForDeploymentPostprocessing = 0;
		};
		6D7507E425A6CF5700133A56 /* Resources */ = {
			isa = PBXResourcesBuildPhase;
			buildActionMask = 2147483647;
			files = (
			);
			runOnlyForDeploymentPostprocessing = 0;
		};
		6D7507EF25A6CF5700133A56 /* Resources */ = {
			isa = PBXResourcesBuildPhase;
			buildActionMask = 2147483647;
			files = (
			);
			runOnlyForDeploymentPostprocessing = 0;
		};
/* End PBXResourcesBuildPhase section */

/* Begin PBXShellScriptBuildPhase section */
		06C9BB5CDE9F4D5EDB5041A0 /* [CP] Embed Pods Frameworks */ = {
			isa = PBXShellScriptBuildPhase;
			buildActionMask = 2147483647;
			files = (
			);
			inputFileListPaths = (
				"${PODS_ROOT}/Target Support Files/Pods-KangSayurSkripsiVenus-KangSayurSkripsiVenusUITests/Pods-KangSayurSkripsiVenus-KangSayurSkripsiVenusUITests-frameworks-${CONFIGURATION}-input-files.xcfilelist",
			);
			name = "[CP] Embed Pods Frameworks";
			outputFileListPaths = (
				"${PODS_ROOT}/Target Support Files/Pods-KangSayurSkripsiVenus-KangSayurSkripsiVenusUITests/Pods-KangSayurSkripsiVenus-KangSayurSkripsiVenusUITests-frameworks-${CONFIGURATION}-output-files.xcfilelist",
			);
			runOnlyForDeploymentPostprocessing = 0;
			shellPath = /bin/sh;
			shellScript = "\"${PODS_ROOT}/Target Support Files/Pods-KangSayurSkripsiVenus-KangSayurSkripsiVenusUITests/Pods-KangSayurSkripsiVenus-KangSayurSkripsiVenusUITests-frameworks.sh\"\n";
			showEnvVarsInLog = 0;
		};
		47ACD1EFFC8EB763A53DD731 /* [CP] Check Pods Manifest.lock */ = {
			isa = PBXShellScriptBuildPhase;
			buildActionMask = 2147483647;
			files = (
			);
			inputFileListPaths = (
			);
			inputPaths = (
				"${PODS_PODFILE_DIR_PATH}/Podfile.lock",
				"${PODS_ROOT}/Manifest.lock",
			);
			name = "[CP] Check Pods Manifest.lock";
			outputFileListPaths = (
			);
			outputPaths = (
				"$(DERIVED_FILE_DIR)/Pods-KangSayurSkripsiVenus-KangSayurSkripsiVenusUITests-checkManifestLockResult.txt",
			);
			runOnlyForDeploymentPostprocessing = 0;
			shellPath = /bin/sh;
			shellScript = "diff \"${PODS_PODFILE_DIR_PATH}/Podfile.lock\" \"${PODS_ROOT}/Manifest.lock\" > /dev/null\nif [ $? != 0 ] ; then\n    # print error to STDERR\n    echo \"error: The sandbox is not in sync with the Podfile.lock. Run 'pod install' or update your CocoaPods installation.\" >&2\n    exit 1\nfi\n# This output is used by Xcode 'outputs' to avoid re-running this script phase.\necho \"SUCCESS\" > \"${SCRIPT_OUTPUT_FILE_0}\"\n";
			showEnvVarsInLog = 0;
		};
		541D46FA13D8A8E59D981CD0 /* [CP] Check Pods Manifest.lock */ = {
			isa = PBXShellScriptBuildPhase;
			buildActionMask = 2147483647;
			files = (
			);
			inputFileListPaths = (
			);
			inputPaths = (
				"${PODS_PODFILE_DIR_PATH}/Podfile.lock",
				"${PODS_ROOT}/Manifest.lock",
			);
			name = "[CP] Check Pods Manifest.lock";
			outputFileListPaths = (
			);
			outputPaths = (
				"$(DERIVED_FILE_DIR)/Pods-KangSayurSkripsiVenus-checkManifestLockResult.txt",
			);
			runOnlyForDeploymentPostprocessing = 0;
			shellPath = /bin/sh;
			shellScript = "diff \"${PODS_PODFILE_DIR_PATH}/Podfile.lock\" \"${PODS_ROOT}/Manifest.lock\" > /dev/null\nif [ $? != 0 ] ; then\n    # print error to STDERR\n    echo \"error: The sandbox is not in sync with the Podfile.lock. Run 'pod install' or update your CocoaPods installation.\" >&2\n    exit 1\nfi\n# This output is used by Xcode 'outputs' to avoid re-running this script phase.\necho \"SUCCESS\" > \"${SCRIPT_OUTPUT_FILE_0}\"\n";
			showEnvVarsInLog = 0;
		};
		8B097918F2B755460BB55E5F /* [CP] Check Pods Manifest.lock */ = {
			isa = PBXShellScriptBuildPhase;
			buildActionMask = 2147483647;
			files = (
			);
			inputFileListPaths = (
			);
			inputPaths = (
				"${PODS_PODFILE_DIR_PATH}/Podfile.lock",
				"${PODS_ROOT}/Manifest.lock",
			);
			name = "[CP] Check Pods Manifest.lock";
			outputFileListPaths = (
			);
			outputPaths = (
				"$(DERIVED_FILE_DIR)/Pods-KangSayurSkripsiVenusTests-checkManifestLockResult.txt",
			);
			runOnlyForDeploymentPostprocessing = 0;
			shellPath = /bin/sh;
			shellScript = "diff \"${PODS_PODFILE_DIR_PATH}/Podfile.lock\" \"${PODS_ROOT}/Manifest.lock\" > /dev/null\nif [ $? != 0 ] ; then\n    # print error to STDERR\n    echo \"error: The sandbox is not in sync with the Podfile.lock. Run 'pod install' or update your CocoaPods installation.\" >&2\n    exit 1\nfi\n# This output is used by Xcode 'outputs' to avoid re-running this script phase.\necho \"SUCCESS\" > \"${SCRIPT_OUTPUT_FILE_0}\"\n";
			showEnvVarsInLog = 0;
		};
		A825C9A1E3742D3F529CF02B /* [CP] Embed Pods Frameworks */ = {
			isa = PBXShellScriptBuildPhase;
			buildActionMask = 2147483647;
			files = (
			);
			inputFileListPaths = (
				"${PODS_ROOT}/Target Support Files/Pods-KangSayurSkripsiVenus/Pods-KangSayurSkripsiVenus-frameworks-${CONFIGURATION}-input-files.xcfilelist",
			);
			name = "[CP] Embed Pods Frameworks";
			outputFileListPaths = (
				"${PODS_ROOT}/Target Support Files/Pods-KangSayurSkripsiVenus/Pods-KangSayurSkripsiVenus-frameworks-${CONFIGURATION}-output-files.xcfilelist",
			);
			runOnlyForDeploymentPostprocessing = 0;
			shellPath = /bin/sh;
			shellScript = "\"${PODS_ROOT}/Target Support Files/Pods-KangSayurSkripsiVenus/Pods-KangSayurSkripsiVenus-frameworks.sh\"\n";
			showEnvVarsInLog = 0;
		};
/* End PBXShellScriptBuildPhase section */

/* Begin PBXSourcesBuildPhase section */
		6D7507D125A6CF5400133A56 /* Sources */ = {
			isa = PBXSourcesBuildPhase;
			buildActionMask = 2147483647;
			files = (
				6D4545E125AEFB030024E572 /* RiwayatDetailView.swift in Sources */,
				6D4545E025AEFB030024E572 /* RiwayatView.swift in Sources */,
				2C405A1625AC4E7E0052CA50 /* Authentication.swift in Sources */,
				2C9D745F25B139FE00FCFC45 /* ProductData.swift in Sources */,
				2C405A0B25AC41520052CA50 /* Cart.swift in Sources */,
				2C4059FB25AC3CD00052CA50 /* Profile.swift in Sources */,
				2C4059F625AC3BFE0052CA50 /* UserData.swift in Sources */,
				2C405A6C25AD71B20052CA50 /* OrderHeader.swift in Sources */,
				2C405A0325AC40540052CA50 /* Product.swift in Sources */,
				2C405A7725AD77D40052CA50 /* TestView.swift in Sources */,
				6D4545F325AEFB0B0024E572 /* SignUp.swift in Sources */,
				6D45460D25AEFB350024E572 /* KeranjangView.swift in Sources */,
				6D4545E325AEFB030024E572 /* DataDiriView.swift in Sources */,
				6D4545DF25AEFB030024E572 /* RiwayatRow.swift in Sources */,
				6D4545E625AEFB030024E572 /* UbahEmailView.swift in Sources */,
				6D4545CA25AEFAE20024E572 /* Colors.swift in Sources */,
				6D45461A25AEFB350024E572 /* CollectionViewCell.swift in Sources */,
				6D45461125AEFB350024E572 /* TotalPembayaranRow.swift in Sources */,
				6D45461625AEFB350024E572 /* RingkasanRow.swift in Sources */,
				6D4545F425AEFB0B0024E572 /* SignIn.swift in Sources */,
				6D4545E225AEFB030024E572 /* AkunChevron.swift in Sources */,
				6D4545E525AEFB030024E572 /* UbahKataSandiView.swift in Sources */,
				6D45460E25AEFB350024E572 /* KeranjangRow.swift in Sources */,
				6D45461325AEFB350024E572 /* PembayaranView.swift in Sources */,
				6D45460F25AEFB350024E572 /* BarangDiBeliRow.swift in Sources */,
				6D45461025AEFB350024E572 /* MetodePembayaranRow.swift in Sources */,
				6D45461925AEFB350024E572 /* HomeView.swift in Sources */,
				6D4545E725AEFB030024E572 /* AkunView.swift in Sources */,
				6D45461B25AEFB350024E572 /* SearchBar.swift in Sources */,
				2C405A3E25AC66A50052CA50 /* GlobalVariable.swift in Sources */,
				6D45461725AEFB350024E572 /* PengirimanView.swift in Sources */,
				6D45461225AEFB350024E572 /* DetailPembayaranRow.swift in Sources */,
				6D4545E825AEFB030024E572 /* DataAlamatView.swift in Sources */,
				6D4545CB25AEFAE20024E572 /* StyleFont.swift in Sources */,
				6D45461425AEFB350024E572 /* TotalPembelianRow.swift in Sources */,
				6D45461825AEFB350024E572 /* AlamatRow.swift in Sources */,
				6D4545F225AEFB0B0024E572 /* SignUp-SetelAlamat.swift in Sources */,
				6D7507D925A6CF5400133A56 /* KangSayurSkripsiVenusApp.swift in Sources */,
				6D4545E425AEFB030024E572 /* AkunBottom.swift in Sources */,
				6D45461525AEFB350024E572 /* PengirimanRow.swift in Sources */,
				6D45460C25AEFB350024E572 /* TotalKeranjangRow.swift in Sources */,
			);
			runOnlyForDeploymentPostprocessing = 0;
		};
		6D7507E225A6CF5700133A56 /* Sources */ = {
			isa = PBXSourcesBuildPhase;
			buildActionMask = 2147483647;
			files = (
				6D7507EB25A6CF5700133A56 /* KangSayurSkripsiVenusTests.swift in Sources */,
			);
			runOnlyForDeploymentPostprocessing = 0;
		};
		6D7507ED25A6CF5700133A56 /* Sources */ = {
			isa = PBXSourcesBuildPhase;
			buildActionMask = 2147483647;
			files = (
				6D7507F625A6CF5700133A56 /* KangSayurSkripsiVenusUITests.swift in Sources */,
			);
			runOnlyForDeploymentPostprocessing = 0;
		};
/* End PBXSourcesBuildPhase section */

/* Begin PBXTargetDependency section */
		6D7507E825A6CF5700133A56 /* PBXTargetDependency */ = {
			isa = PBXTargetDependency;
			target = 6D7507D425A6CF5400133A56 /* KangSayurSkripsiVenus */;
			targetProxy = 6D7507E725A6CF5700133A56 /* PBXContainerItemProxy */;
		};
		6D7507F325A6CF5700133A56 /* PBXTargetDependency */ = {
			isa = PBXTargetDependency;
			target = 6D7507D425A6CF5400133A56 /* KangSayurSkripsiVenus */;
			targetProxy = 6D7507F225A6CF5700133A56 /* PBXContainerItemProxy */;
		};
/* End PBXTargetDependency section */

/* Begin XCBuildConfiguration section */
		6D7507F825A6CF5700133A56 /* Debug */ = {
			isa = XCBuildConfiguration;
			buildSettings = {
				ALWAYS_SEARCH_USER_PATHS = NO;
				CLANG_ANALYZER_NONNULL = YES;
				CLANG_ANALYZER_NUMBER_OBJECT_CONVERSION = YES_AGGRESSIVE;
				CLANG_CXX_LANGUAGE_STANDARD = "gnu++14";
				CLANG_CXX_LIBRARY = "libc++";
				CLANG_ENABLE_MODULES = YES;
				CLANG_ENABLE_OBJC_ARC = YES;
				CLANG_ENABLE_OBJC_WEAK = YES;
				CLANG_WARN_BLOCK_CAPTURE_AUTORELEASING = YES;
				CLANG_WARN_BOOL_CONVERSION = YES;
				CLANG_WARN_COMMA = YES;
				CLANG_WARN_CONSTANT_CONVERSION = YES;
				CLANG_WARN_DEPRECATED_OBJC_IMPLEMENTATIONS = YES;
				CLANG_WARN_DIRECT_OBJC_ISA_USAGE = YES_ERROR;
				CLANG_WARN_DOCUMENTATION_COMMENTS = YES;
				CLANG_WARN_EMPTY_BODY = YES;
				CLANG_WARN_ENUM_CONVERSION = YES;
				CLANG_WARN_INFINITE_RECURSION = YES;
				CLANG_WARN_INT_CONVERSION = YES;
				CLANG_WARN_NON_LITERAL_NULL_CONVERSION = YES;
				CLANG_WARN_OBJC_IMPLICIT_RETAIN_SELF = YES;
				CLANG_WARN_OBJC_LITERAL_CONVERSION = YES;
				CLANG_WARN_OBJC_ROOT_CLASS = YES_ERROR;
				CLANG_WARN_QUOTED_INCLUDE_IN_FRAMEWORK_HEADER = YES;
				CLANG_WARN_RANGE_LOOP_ANALYSIS = YES;
				CLANG_WARN_STRICT_PROTOTYPES = YES;
				CLANG_WARN_SUSPICIOUS_MOVE = YES;
				CLANG_WARN_UNGUARDED_AVAILABILITY = YES_AGGRESSIVE;
				CLANG_WARN_UNREACHABLE_CODE = YES;
				CLANG_WARN__DUPLICATE_METHOD_MATCH = YES;
				COPY_PHASE_STRIP = NO;
				DEBUG_INFORMATION_FORMAT = dwarf;
				ENABLE_STRICT_OBJC_MSGSEND = YES;
				ENABLE_TESTABILITY = YES;
				GCC_C_LANGUAGE_STANDARD = gnu11;
				GCC_DYNAMIC_NO_PIC = NO;
				GCC_NO_COMMON_BLOCKS = YES;
				GCC_OPTIMIZATION_LEVEL = 0;
				GCC_PREPROCESSOR_DEFINITIONS = (
					"DEBUG=1",
					"$(inherited)",
				);
				GCC_WARN_64_TO_32_BIT_CONVERSION = YES;
				GCC_WARN_ABOUT_RETURN_TYPE = YES_ERROR;
				GCC_WARN_UNDECLARED_SELECTOR = YES;
				GCC_WARN_UNINITIALIZED_AUTOS = YES_AGGRESSIVE;
				GCC_WARN_UNUSED_FUNCTION = YES;
				GCC_WARN_UNUSED_VARIABLE = YES;
				IPHONEOS_DEPLOYMENT_TARGET = 14.0;
				MTL_ENABLE_DEBUG_INFO = INCLUDE_SOURCE;
				MTL_FAST_MATH = YES;
				ONLY_ACTIVE_ARCH = YES;
				SDKROOT = iphoneos;
				SWIFT_ACTIVE_COMPILATION_CONDITIONS = DEBUG;
				SWIFT_OPTIMIZATION_LEVEL = "-Onone";
			};
			name = Debug;
		};
		6D7507F925A6CF5700133A56 /* Release */ = {
			isa = XCBuildConfiguration;
			buildSettings = {
				ALWAYS_SEARCH_USER_PATHS = NO;
				CLANG_ANALYZER_NONNULL = YES;
				CLANG_ANALYZER_NUMBER_OBJECT_CONVERSION = YES_AGGRESSIVE;
				CLANG_CXX_LANGUAGE_STANDARD = "gnu++14";
				CLANG_CXX_LIBRARY = "libc++";
				CLANG_ENABLE_MODULES = YES;
				CLANG_ENABLE_OBJC_ARC = YES;
				CLANG_ENABLE_OBJC_WEAK = YES;
				CLANG_WARN_BLOCK_CAPTURE_AUTORELEASING = YES;
				CLANG_WARN_BOOL_CONVERSION = YES;
				CLANG_WARN_COMMA = YES;
				CLANG_WARN_CONSTANT_CONVERSION = YES;
				CLANG_WARN_DEPRECATED_OBJC_IMPLEMENTATIONS = YES;
				CLANG_WARN_DIRECT_OBJC_ISA_USAGE = YES_ERROR;
				CLANG_WARN_DOCUMENTATION_COMMENTS = YES;
				CLANG_WARN_EMPTY_BODY = YES;
				CLANG_WARN_ENUM_CONVERSION = YES;
				CLANG_WARN_INFINITE_RECURSION = YES;
				CLANG_WARN_INT_CONVERSION = YES;
				CLANG_WARN_NON_LITERAL_NULL_CONVERSION = YES;
				CLANG_WARN_OBJC_IMPLICIT_RETAIN_SELF = YES;
				CLANG_WARN_OBJC_LITERAL_CONVERSION = YES;
				CLANG_WARN_OBJC_ROOT_CLASS = YES_ERROR;
				CLANG_WARN_QUOTED_INCLUDE_IN_FRAMEWORK_HEADER = YES;
				CLANG_WARN_RANGE_LOOP_ANALYSIS = YES;
				CLANG_WARN_STRICT_PROTOTYPES = YES;
				CLANG_WARN_SUSPICIOUS_MOVE = YES;
				CLANG_WARN_UNGUARDED_AVAILABILITY = YES_AGGRESSIVE;
				CLANG_WARN_UNREACHABLE_CODE = YES;
				CLANG_WARN__DUPLICATE_METHOD_MATCH = YES;
				COPY_PHASE_STRIP = NO;
				DEBUG_INFORMATION_FORMAT = "dwarf-with-dsym";
				ENABLE_NS_ASSERTIONS = NO;
				ENABLE_STRICT_OBJC_MSGSEND = YES;
				GCC_C_LANGUAGE_STANDARD = gnu11;
				GCC_NO_COMMON_BLOCKS = YES;
				GCC_WARN_64_TO_32_BIT_CONVERSION = YES;
				GCC_WARN_ABOUT_RETURN_TYPE = YES_ERROR;
				GCC_WARN_UNDECLARED_SELECTOR = YES;
				GCC_WARN_UNINITIALIZED_AUTOS = YES_AGGRESSIVE;
				GCC_WARN_UNUSED_FUNCTION = YES;
				GCC_WARN_UNUSED_VARIABLE = YES;
				IPHONEOS_DEPLOYMENT_TARGET = 14.0;
				MTL_ENABLE_DEBUG_INFO = NO;
				MTL_FAST_MATH = YES;
				SDKROOT = iphoneos;
				SWIFT_COMPILATION_MODE = wholemodule;
				SWIFT_OPTIMIZATION_LEVEL = "-O";
				VALIDATE_PRODUCT = YES;
			};
			name = Release;
		};
		6D7507FB25A6CF5700133A56 /* Debug */ = {
			isa = XCBuildConfiguration;
			baseConfigurationReference = 7E120A098FC787508EFB8826 /* Pods-KangSayurSkripsiVenus.debug.xcconfig */;
			buildSettings = {
				ASSETCATALOG_COMPILER_APPICON_NAME = AppIcon;
				ASSETCATALOG_COMPILER_GLOBAL_ACCENT_COLOR_NAME = AccentColor;
				CODE_SIGN_STYLE = Automatic;
				DEVELOPMENT_ASSET_PATHS = "\"KangSayurSkripsiVenus/Preview Content\"";
				DEVELOPMENT_TEAM = QWVAEMBXMM;
				ENABLE_PREVIEWS = YES;
				INFOPLIST_FILE = KangSayurSkripsiVenus/Info.plist;
				IPHONEOS_DEPLOYMENT_TARGET = 14.0;
				LD_RUNPATH_SEARCH_PATHS = (
					"$(inherited)",
					"@executable_path/Frameworks",
				);
				PRODUCT_BUNDLE_IDENTIFIER = com.skripsi.KangSayurSkripsiVenus;
				PRODUCT_NAME = "$(TARGET_NAME)";
				SWIFT_VERSION = 5.0;
				TARGETED_DEVICE_FAMILY = 1;
			};
			name = Debug;
		};
		6D7507FC25A6CF5700133A56 /* Release */ = {
			isa = XCBuildConfiguration;
			baseConfigurationReference = B8EBEC5F5999A2CB1FA3F976 /* Pods-KangSayurSkripsiVenus.release.xcconfig */;
			buildSettings = {
				ASSETCATALOG_COMPILER_APPICON_NAME = AppIcon;
				ASSETCATALOG_COMPILER_GLOBAL_ACCENT_COLOR_NAME = AccentColor;
				CODE_SIGN_STYLE = Automatic;
				DEVELOPMENT_ASSET_PATHS = "\"KangSayurSkripsiVenus/Preview Content\"";
				DEVELOPMENT_TEAM = QWVAEMBXMM;
				ENABLE_PREVIEWS = YES;
				INFOPLIST_FILE = KangSayurSkripsiVenus/Info.plist;
				IPHONEOS_DEPLOYMENT_TARGET = 14.0;
				LD_RUNPATH_SEARCH_PATHS = (
					"$(inherited)",
					"@executable_path/Frameworks",
				);
				PRODUCT_BUNDLE_IDENTIFIER = com.skripsi.KangSayurSkripsiVenus;
				PRODUCT_NAME = "$(TARGET_NAME)";
				SWIFT_VERSION = 5.0;
				TARGETED_DEVICE_FAMILY = 1;
			};
			name = Release;
		};
		6D7507FE25A6CF5700133A56 /* Debug */ = {
			isa = XCBuildConfiguration;
			baseConfigurationReference = 1B2306BD0484B61DB5B7ED69 /* Pods-KangSayurSkripsiVenusTests.debug.xcconfig */;
			buildSettings = {
				ALWAYS_EMBED_SWIFT_STANDARD_LIBRARIES = YES;
				BUNDLE_LOADER = "$(TEST_HOST)";
				CODE_SIGN_STYLE = Automatic;
				INFOPLIST_FILE = KangSayurSkripsiVenusTests/Info.plist;
				IPHONEOS_DEPLOYMENT_TARGET = 14.0;
				LD_RUNPATH_SEARCH_PATHS = (
					"$(inherited)",
					"@executable_path/Frameworks",
					"@loader_path/Frameworks",
				);
				PRODUCT_BUNDLE_IDENTIFIER = com.skripsi.KangSayurSkripsiVenusTests;
				PRODUCT_NAME = "$(TARGET_NAME)";
				SWIFT_VERSION = 5.0;
				TARGETED_DEVICE_FAMILY = "1,2";
				TEST_HOST = "$(BUILT_PRODUCTS_DIR)/KangSayurSkripsiVenus.app/KangSayurSkripsiVenus";
			};
			name = Debug;
		};
		6D7507FF25A6CF5700133A56 /* Release */ = {
			isa = XCBuildConfiguration;
			baseConfigurationReference = F881A2DA6924370A06891F90 /* Pods-KangSayurSkripsiVenusTests.release.xcconfig */;
			buildSettings = {
				ALWAYS_EMBED_SWIFT_STANDARD_LIBRARIES = YES;
				BUNDLE_LOADER = "$(TEST_HOST)";
				CODE_SIGN_STYLE = Automatic;
				INFOPLIST_FILE = KangSayurSkripsiVenusTests/Info.plist;
				IPHONEOS_DEPLOYMENT_TARGET = 14.0;
				LD_RUNPATH_SEARCH_PATHS = (
					"$(inherited)",
					"@executable_path/Frameworks",
					"@loader_path/Frameworks",
				);
				PRODUCT_BUNDLE_IDENTIFIER = com.skripsi.KangSayurSkripsiVenusTests;
				PRODUCT_NAME = "$(TARGET_NAME)";
				SWIFT_VERSION = 5.0;
				TARGETED_DEVICE_FAMILY = "1,2";
				TEST_HOST = "$(BUILT_PRODUCTS_DIR)/KangSayurSkripsiVenus.app/KangSayurSkripsiVenus";
			};
			name = Release;
		};
		6D75080125A6CF5700133A56 /* Debug */ = {
			isa = XCBuildConfiguration;
			baseConfigurationReference = D012B79C66BC5F4066FE0BDA /* Pods-KangSayurSkripsiVenus-KangSayurSkripsiVenusUITests.debug.xcconfig */;
			buildSettings = {
				ALWAYS_EMBED_SWIFT_STANDARD_LIBRARIES = YES;
				CODE_SIGN_STYLE = Automatic;
				INFOPLIST_FILE = KangSayurSkripsiVenusUITests/Info.plist;
				LD_RUNPATH_SEARCH_PATHS = (
					"$(inherited)",
					"@executable_path/Frameworks",
					"@loader_path/Frameworks",
				);
				PRODUCT_BUNDLE_IDENTIFIER = com.skripsi.KangSayurSkripsiVenusUITests;
				PRODUCT_NAME = "$(TARGET_NAME)";
				SWIFT_VERSION = 5.0;
				TARGETED_DEVICE_FAMILY = "1,2";
				TEST_TARGET_NAME = KangSayurSkripsiVenus;
			};
			name = Debug;
		};
		6D75080225A6CF5700133A56 /* Release */ = {
			isa = XCBuildConfiguration;
			baseConfigurationReference = 4F9AD758C8A74BC802D43D3A /* Pods-KangSayurSkripsiVenus-KangSayurSkripsiVenusUITests.release.xcconfig */;
			buildSettings = {
				ALWAYS_EMBED_SWIFT_STANDARD_LIBRARIES = YES;
				CODE_SIGN_STYLE = Automatic;
				INFOPLIST_FILE = KangSayurSkripsiVenusUITests/Info.plist;
				LD_RUNPATH_SEARCH_PATHS = (
					"$(inherited)",
					"@executable_path/Frameworks",
					"@loader_path/Frameworks",
				);
				PRODUCT_BUNDLE_IDENTIFIER = com.skripsi.KangSayurSkripsiVenusUITests;
				PRODUCT_NAME = "$(TARGET_NAME)";
				SWIFT_VERSION = 5.0;
				TARGETED_DEVICE_FAMILY = "1,2";
				TEST_TARGET_NAME = KangSayurSkripsiVenus;
			};
			name = Release;
		};
/* End XCBuildConfiguration section */

/* Begin XCConfigurationList section */
		6D7507D025A6CF5400133A56 /* Build configuration list for PBXProject "KangSayurSkripsiVenus" */ = {
			isa = XCConfigurationList;
			buildConfigurations = (
				6D7507F825A6CF5700133A56 /* Debug */,
				6D7507F925A6CF5700133A56 /* Release */,
			);
			defaultConfigurationIsVisible = 0;
			defaultConfigurationName = Release;
		};
		6D7507FA25A6CF5700133A56 /* Build configuration list for PBXNativeTarget "KangSayurSkripsiVenus" */ = {
			isa = XCConfigurationList;
			buildConfigurations = (
				6D7507FB25A6CF5700133A56 /* Debug */,
				6D7507FC25A6CF5700133A56 /* Release */,
			);
			defaultConfigurationIsVisible = 0;
			defaultConfigurationName = Release;
		};
		6D7507FD25A6CF5700133A56 /* Build configuration list for PBXNativeTarget "KangSayurSkripsiVenusTests" */ = {
			isa = XCConfigurationList;
			buildConfigurations = (
				6D7507FE25A6CF5700133A56 /* Debug */,
				6D7507FF25A6CF5700133A56 /* Release */,
			);
			defaultConfigurationIsVisible = 0;
			defaultConfigurationName = Release;
		};
		6D75080025A6CF5700133A56 /* Build configuration list for PBXNativeTarget "KangSayurSkripsiVenusUITests" */ = {
			isa = XCConfigurationList;
			buildConfigurations = (
				6D75080125A6CF5700133A56 /* Debug */,
				6D75080225A6CF5700133A56 /* Release */,
			);
			defaultConfigurationIsVisible = 0;
			defaultConfigurationName = Release;
		};
/* End XCConfigurationList section */
	};
	rootObject = 6D7507CD25A6CF5400133A56 /* Project object */;
}
